
Microsoft Visual Studio Solution File, Format Version 12.00
Project("{FAE04EC0-301F-11D3-BF4B-00C04F79EFBC}") = "Wabbajack.Paths", "Wabbajack.Paths\Wabbajack.Paths.csproj", "{74356B4F-58D8-43A5-BFAC-3C6C81172E72}"
EndProject
Project("{FAE04EC0-301F-11D3-BF4B-00C04F79EFBC}") = "Wabbajack.Paths.Test", "Wabbajack.Paths.Test\Wabbajack.Paths.Test.csproj", "{C8D26759-A8CB-4838-AE22-DB085CBE5690}"
EndProject
Global
	GlobalSection(SolutionConfigurationPlatforms) = preSolution
		Debug|Any CPU = Debug|Any CPU
		Release|Any CPU = Release|Any CPU
	EndGlobalSection
	GlobalSection(ProjectConfigurationPlatforms) = postSolution
		{74356B4F-58D8-43A5-BFAC-3C6C81172E72}.Debug|Any CPU.ActiveCfg = Debug|Any CPU
		{74356B4F-58D8-43A5-BFAC-3C6C81172E72}.Debug|Any CPU.Build.0 = Debug|Any CPU
		{74356B4F-58D8-43A5-BFAC-3C6C81172E72}.Release|Any CPU.ActiveCfg = Release|Any CPU
		{74356B4F-58D8-43A5-BFAC-3C6C81172E72}.Release|Any CPU.Build.0 = Release|Any CPU
		{C8D26759-A8CB-4838-AE22-DB085CBE5690}.Debug|Any CPU.ActiveCfg = Debug|Any CPU
		{C8D26759-A8CB-4838-AE22-DB085CBE5690}.Debug|Any CPU.Build.0 = Debug|Any CPU
		{C8D26759-A8CB-4838-AE22-DB085CBE5690}.Release|Any CPU.ActiveCfg = Release|Any CPU
		{C8D26759-A8CB-4838-AE22-DB085CBE5690}.Release|Any CPU.Build.0 = Release|Any CPU
	EndGlobalSection
EndGlobal
